// !$*UTF8*$!
{
	archiveVersion = 1;
	classes = {
	};
	objectVersion = 46;
	objects = {

/* Begin PBXBuildFile section */
		4F0E39461BA86B5F00FF2A96 /* TermTypes.swift in Sources */ = {isa = PBXBuildFile; fileRef = 4F0E39451BA86B5F00FF2A96 /* TermTypes.swift */; settings = {ASSET_TAGS = (); }; };
		4F0E39491BA8717D00FF2A96 /* SDEFParser.swift in Sources */ = {isa = PBXBuildFile; fileRef = 4F0E39481BA8717D00FF2A96 /* SDEFParser.swift */; settings = {ASSET_TAGS = (); }; };
		4F0E394D1BA8C16300FF2A96 /* KeywordConverter.swift in Sources */ = {isa = PBXBuildFile; fileRef = 4F0E394C1BA8C16300FF2A96 /* KeywordConverter.swift */; settings = {ASSET_TAGS = (); }; };
		4F0E394F1BA8D2F600FF2A96 /* AETEParser.swift in Sources */ = {isa = PBXBuildFile; fileRef = 4F0E394E1BA8D2F600FF2A96 /* AETEParser.swift */; settings = {ASSET_TAGS = (); }; };
		4F0E39511BA9A7EA00FF2A96 /* GlueTable.swift in Sources */ = {isa = PBXBuildFile; fileRef = 4F0E39501BA9A7EA00FF2A96 /* GlueTable.swift */; settings = {ASSET_TAGS = (); }; };
		4F0E39531BA9C6C700FF2A96 /* DefaultTerminology.swift in Sources */ = {isa = PBXBuildFile; fileRef = 4F0E39521BA9C6C700FF2A96 /* DefaultTerminology.swift */; settings = {ASSET_TAGS = (); }; };
		4F0E39681BAA98A900FF2A96 /* main.swift in Sources */ = {isa = PBXBuildFile; fileRef = 4F0E39671BAA98A900FF2A96 /* main.swift */; };
		4F0E396E1BAA9BA700FF2A96 /* StaticGlueBuilder.swift in Sources */ = {isa = PBXBuildFile; fileRef = 4F0E396D1BAA9BA700FF2A96 /* StaticGlueBuilder.swift */; settings = {ASSET_TAGS = (); }; };
		4F0E39841BAB743800FF2A96 /* Foundation.framework in Frameworks */ = {isa = PBXBuildFile; fileRef = 4F63C4331B7CF1C4000D74EE /* Foundation.framework */; };
		4F0E39851BAB7B7B00FF2A96 /* AEConstants.swift in Sources */ = {isa = PBXBuildFile; fileRef = 4F63C42E1B7CF133000D74EE /* AEConstants.swift */; };
		4F0E39861BAB7B7B00FF2A96 /* AppData.swift in Sources */ = {isa = PBXBuildFile; fileRef = 4F63C4401B86A335000D74EE /* AppData.swift */; };
		4F0E39871BAB7B7B00FF2A96 /* Specifier.swift in Sources */ = {isa = PBXBuildFile; fileRef = 4F63C42F1B7CF133000D74EE /* Specifier.swift */; };
		4F0E39881BAB7B7B00FF2A96 /* SpecifierExtensions.swift in Sources */ = {isa = PBXBuildFile; fileRef = 4F1D12401BA3042600875F74 /* SpecifierExtensions.swift */; };
		4F0E39891BAB7B7B00FF2A96 /* SpecifierFormatter.swift in Sources */ = {isa = PBXBuildFile; fileRef = 4FDD30FD1B932C29002BA20F /* SpecifierFormatter.swift */; };
		4F0E398A1BAB7B7B00FF2A96 /* Symbol.swift in Sources */ = {isa = PBXBuildFile; fileRef = 4F63C4421B87AC88000D74EE /* Symbol.swift */; };
		4F0E398B1BAB7B7B00FF2A96 /* Errors.swift in Sources */ = {isa = PBXBuildFile; fileRef = 4F63C4441B8A4DFC000D74EE /* Errors.swift */; };
		4F0E398C1BAB7B7B00FF2A96 /* Support.swift in Sources */ = {isa = PBXBuildFile; fileRef = 4F63C4461B8A669C000D74EE /* Support.swift */; };
		4F0E398D1BAB7B7B00FF2A96 /* TermTypes.swift in Sources */ = {isa = PBXBuildFile; fileRef = 4F0E39451BA86B5F00FF2A96 /* TermTypes.swift */; };
		4F0E398E1BAB7B7B00FF2A96 /* DefaultTerminology.swift in Sources */ = {isa = PBXBuildFile; fileRef = 4F0E39521BA9C6C700FF2A96 /* DefaultTerminology.swift */; };
		4F0E398F1BAB7B7B00FF2A96 /* KeywordConverter.swift in Sources */ = {isa = PBXBuildFile; fileRef = 4F0E394C1BA8C16300FF2A96 /* KeywordConverter.swift */; };
		4F0E39901BAB7B7B00FF2A96 /* AETEParser.swift in Sources */ = {isa = PBXBuildFile; fileRef = 4F0E394E1BA8D2F600FF2A96 /* AETEParser.swift */; };
		4F0E39911BAB7B7B00FF2A96 /* SDEFParser.swift in Sources */ = {isa = PBXBuildFile; fileRef = 4F0E39481BA8717D00FF2A96 /* SDEFParser.swift */; };
		4F0E39921BAB7B7B00FF2A96 /* GlueTable.swift in Sources */ = {isa = PBXBuildFile; fileRef = 4F0E39501BA9A7EA00FF2A96 /* GlueTable.swift */; };
		4F0E39931BAB7B7B00FF2A96 /* StaticGlueBuilder.swift in Sources */ = {isa = PBXBuildFile; fileRef = 4F0E396D1BAA9BA700FF2A96 /* StaticGlueBuilder.swift */; };
		4F0E39941BAB7B7B00FF2A96 /* AEApplicationGlue.swift in Sources */ = {isa = PBXBuildFile; fileRef = 4F2645AB1BA4F27700256402 /* AEApplicationGlue.swift */; };
		4F0E39961BADD58500FF2A96 /* EventFormatter.swift in Sources */ = {isa = PBXBuildFile; fileRef = 4F0E39951BADD58500FF2A96 /* EventFormatter.swift */; settings = {ASSET_TAGS = (); }; };
		4F0E39971BAF4D7A00FF2A96 /* EventFormatter.swift in Sources */ = {isa = PBXBuildFile; fileRef = 4F0E39951BADD58500FF2A96 /* EventFormatter.swift */; };
		4F0E39A11BAF7A7400FF2A96 /* Assets.xcassets in Resources */ = {isa = PBXBuildFile; fileRef = 4F0E39A01BAF7A7400FF2A96 /* Assets.xcassets */; };
		4F0E39A41BAF7A7400FF2A96 /* MainMenu.xib in Resources */ = {isa = PBXBuildFile; fileRef = 4F0E39A21BAF7A7400FF2A96 /* MainMenu.xib */; };
		4F0E39A91BAF7ADC00FF2A96 /* OSAKit.framework in Frameworks */ = {isa = PBXBuildFile; fileRef = 4F0E394A1BA8719400FF2A96 /* OSAKit.framework */; };
		4F0E39AA1BAF7B3400FF2A96 /* AEConstants.swift in Sources */ = {isa = PBXBuildFile; fileRef = 4F63C42E1B7CF133000D74EE /* AEConstants.swift */; };
		4F0E39AB1BAF7B3400FF2A96 /* AppData.swift in Sources */ = {isa = PBXBuildFile; fileRef = 4F63C4401B86A335000D74EE /* AppData.swift */; };
		4F0E39AC1BAF7B3400FF2A96 /* Specifier.swift in Sources */ = {isa = PBXBuildFile; fileRef = 4F63C42F1B7CF133000D74EE /* Specifier.swift */; };
		4F0E39AD1BAF7B3400FF2A96 /* SpecifierExtensions.swift in Sources */ = {isa = PBXBuildFile; fileRef = 4F1D12401BA3042600875F74 /* SpecifierExtensions.swift */; };
		4F0E39AE1BAF7B3400FF2A96 /* SpecifierFormatter.swift in Sources */ = {isa = PBXBuildFile; fileRef = 4FDD30FD1B932C29002BA20F /* SpecifierFormatter.swift */; };
		4F0E39AF1BAF7B3400FF2A96 /* EventFormatter.swift in Sources */ = {isa = PBXBuildFile; fileRef = 4F0E39951BADD58500FF2A96 /* EventFormatter.swift */; };
		4F0E39B01BAF7B3400FF2A96 /* Symbol.swift in Sources */ = {isa = PBXBuildFile; fileRef = 4F63C4421B87AC88000D74EE /* Symbol.swift */; };
		4F0E39B11BAF7B3400FF2A96 /* Errors.swift in Sources */ = {isa = PBXBuildFile; fileRef = 4F63C4441B8A4DFC000D74EE /* Errors.swift */; };
		4F0E39B21BAF7B3400FF2A96 /* Support.swift in Sources */ = {isa = PBXBuildFile; fileRef = 4F63C4461B8A669C000D74EE /* Support.swift */; };
		4F0E39B31BAF7B3400FF2A96 /* TermTypes.swift in Sources */ = {isa = PBXBuildFile; fileRef = 4F0E39451BA86B5F00FF2A96 /* TermTypes.swift */; };
		4F0E39B41BAF7B3400FF2A96 /* DefaultTerminology.swift in Sources */ = {isa = PBXBuildFile; fileRef = 4F0E39521BA9C6C700FF2A96 /* DefaultTerminology.swift */; };
		4F0E39B51BAF7B3400FF2A96 /* KeywordConverter.swift in Sources */ = {isa = PBXBuildFile; fileRef = 4F0E394C1BA8C16300FF2A96 /* KeywordConverter.swift */; };
		4F0E39B61BAF7B3400FF2A96 /* AETEParser.swift in Sources */ = {isa = PBXBuildFile; fileRef = 4F0E394E1BA8D2F600FF2A96 /* AETEParser.swift */; };
		4F0E39B71BAF7B3400FF2A96 /* SDEFParser.swift in Sources */ = {isa = PBXBuildFile; fileRef = 4F0E39481BA8717D00FF2A96 /* SDEFParser.swift */; };
		4F0E39B81BAF7B3400FF2A96 /* GlueTable.swift in Sources */ = {isa = PBXBuildFile; fileRef = 4F0E39501BA9A7EA00FF2A96 /* GlueTable.swift */; };
		4F0E39B91BAF7B3400FF2A96 /* StaticGlueBuilder.swift in Sources */ = {isa = PBXBuildFile; fileRef = 4F0E396D1BAA9BA700FF2A96 /* StaticGlueBuilder.swift */; };
		4F0E39BA1BAF7B3400FF2A96 /* AEApplicationGlue.swift in Sources */ = {isa = PBXBuildFile; fileRef = 4F2645AB1BA4F27700256402 /* AEApplicationGlue.swift */; };
		4F0E39BD1BAF7B7600FF2A96 /* Foundation.framework in Frameworks */ = {isa = PBXBuildFile; fileRef = 4F63C4331B7CF1C4000D74EE /* Foundation.framework */; };
		4F0E39BE1BAF7B7C00FF2A96 /* AppKit.framework in Frameworks */ = {isa = PBXBuildFile; fileRef = 4F63C4351B7CF1C8000D74EE /* AppKit.framework */; };
		4F0E39CC1BB008A400FF2A96 /* SAELanguageInstance.m in Sources */ = {isa = PBXBuildFile; fileRef = 4F0E39CB1BB008A400FF2A96 /* SAELanguageInstance.m */; settings = {ASSET_TAGS = (); }; };
		4F0E39CF1BB008B400FF2A96 /* SAEEventSniffer.m in Sources */ = {isa = PBXBuildFile; fileRef = 4F0E39CE1BB008B400FF2A96 /* SAEEventSniffer.m */; settings = {ASSET_TAGS = (); }; };
		4F0E39D21BB00B3300FF2A96 /* AppDelegate.m in Sources */ = {isa = PBXBuildFile; fileRef = 4F0E39D11BB00B3300FF2A96 /* AppDelegate.m */; settings = {ASSET_TAGS = (); }; };
		4F0E39D41BB0342600FF2A96 /* SwiftAEFormatter.swift in Sources */ = {isa = PBXBuildFile; fileRef = 4F0E39D31BB0342600FF2A96 /* SwiftAEFormatter.swift */; settings = {ASSET_TAGS = (); }; };
		4F0E39D61BB0504D00FF2A96 /* main.m in Sources */ = {isa = PBXBuildFile; fileRef = 4F0E39D51BB0504D00FF2A96 /* main.m */; settings = {ASSET_TAGS = (); }; };
		4F1D12411BA3042600875F74 /* SpecifierExtensions.swift in Sources */ = {isa = PBXBuildFile; fileRef = 4F1D12401BA3042600875F74 /* SpecifierExtensions.swift */; settings = {ASSET_TAGS = (); }; };
		4F2645A81BA4243E00256402 /* TextEditGlue.swift in Sources */ = {isa = PBXBuildFile; fileRef = 4F2645A71BA4243E00256402 /* TextEditGlue.swift */; settings = {ASSET_TAGS = (); }; };
		4F2645AC1BA4F27700256402 /* AEApplicationGlue.swift in Sources */ = {isa = PBXBuildFile; fileRef = 4F2645AB1BA4F27700256402 /* AEApplicationGlue.swift */; settings = {ASSET_TAGS = (); }; };
		4F2645B11BA59A0E00256402 /* FinderGlue.swift in Sources */ = {isa = PBXBuildFile; fileRef = 4F2645AE1BA59A0E00256402 /* FinderGlue.swift */; settings = {ASSET_TAGS = (); }; };
		4F2645B21BA59A0E00256402 /* ITunesGlue.swift in Sources */ = {isa = PBXBuildFile; fileRef = 4F2645B01BA59A0E00256402 /* ITunesGlue.swift */; settings = {ASSET_TAGS = (); }; };
		4F63C4281B7CF06E000D74EE /* main.swift in Sources */ = {isa = PBXBuildFile; fileRef = 4F63C4271B7CF06E000D74EE /* main.swift */; };
		4F63C4301B7CF133000D74EE /* AEConstants.swift in Sources */ = {isa = PBXBuildFile; fileRef = 4F63C42E1B7CF133000D74EE /* AEConstants.swift */; };
		4F63C4311B7CF133000D74EE /* Specifier.swift in Sources */ = {isa = PBXBuildFile; fileRef = 4F63C42F1B7CF133000D74EE /* Specifier.swift */; };
		4F63C4341B7CF1C4000D74EE /* Foundation.framework in Frameworks */ = {isa = PBXBuildFile; fileRef = 4F63C4331B7CF1C4000D74EE /* Foundation.framework */; };
		4F63C4361B7CF1C8000D74EE /* AppKit.framework in Frameworks */ = {isa = PBXBuildFile; fileRef = 4F63C4351B7CF1C8000D74EE /* AppKit.framework */; };
		4F63C4381B7CF1E0000D74EE /* Carbon.framework in Frameworks */ = {isa = PBXBuildFile; fileRef = 4F63C4371B7CF1E0000D74EE /* Carbon.framework */; };
		4F63C4411B86A335000D74EE /* AppData.swift in Sources */ = {isa = PBXBuildFile; fileRef = 4F63C4401B86A335000D74EE /* AppData.swift */; };
		4F63C4431B87AC88000D74EE /* Symbol.swift in Sources */ = {isa = PBXBuildFile; fileRef = 4F63C4421B87AC88000D74EE /* Symbol.swift */; };
		4F63C4451B8A4DFC000D74EE /* Errors.swift in Sources */ = {isa = PBXBuildFile; fileRef = 4F63C4441B8A4DFC000D74EE /* Errors.swift */; };
		4F63C4471B8A669C000D74EE /* Support.swift in Sources */ = {isa = PBXBuildFile; fileRef = 4F63C4461B8A669C000D74EE /* Support.swift */; };
		4FDD30FE1B932C29002BA20F /* SpecifierFormatter.swift in Sources */ = {isa = PBXBuildFile; fileRef = 4FDD30FD1B932C29002BA20F /* SpecifierFormatter.swift */; settings = {ASSET_TAGS = (); }; };
/* End PBXBuildFile section */

/* Begin PBXContainerItemProxy section */
		4F0E39821BAB742400FF2A96 /* PBXContainerItemProxy */ = {
			isa = PBXContainerItemProxy;
			containerPortal = 4F63C41C1B7CF06E000D74EE /* Project object */;
			proxyType = 1;
			remoteGlobalIDString = 4F63C4231B7CF06E000D74EE;
			remoteInfo = SwiftAE;
		};
		4F0E39BB1BAF7B6800FF2A96 /* PBXContainerItemProxy */ = {
			isa = PBXContainerItemProxy;
			containerPortal = 4F63C41C1B7CF06E000D74EE /* Project object */;
			proxyType = 1;
			remoteGlobalIDString = 4F63C4231B7CF06E000D74EE;
			remoteInfo = SwiftAE;
		};
/* End PBXContainerItemProxy section */

/* Begin PBXCopyFilesBuildPhase section */
		4F0E39631BAA98A900FF2A96 /* CopyFiles */ = {
			isa = PBXCopyFilesBuildPhase;
			buildActionMask = 2147483647;
			dstPath = /usr/share/man/man1/;
			dstSubfolderSpec = 0;
			files = (
			);
			runOnlyForDeploymentPostprocessing = 1;
		};
		4F63C4221B7CF06E000D74EE /* CopyFiles */ = {
			isa = PBXCopyFilesBuildPhase;
			buildActionMask = 2147483647;
			dstPath = /usr/share/man/man1/;
			dstSubfolderSpec = 0;
			files = (
			);
			runOnlyForDeploymentPostprocessing = 1;
		};
/* End PBXCopyFilesBuildPhase section */

/* Begin PBXFileReference section */
		4F0E39001BA76CB600FF2A96 /* mkdoc */ = {isa = PBXFileReference; lastKnownFileType = text.script.python; path = mkdoc; sourceTree = "<group>"; };
		4F0E391F1BA76D8400FF2A96 /* 1 introduction.md */ = {isa = PBXFileReference; lastKnownFileType = net.daringfireball.markdown; name = "1 introduction.md"; path = "doc-source/1 introduction.md"; sourceTree = "<group>"; };
		4F0E39201BA76D8400FF2A96 /* 2 understanding-apple-events.md */ = {isa = PBXFileReference; lastKnownFileType = net.daringfireball.markdown; name = "2 understanding-apple-events.md"; path = "doc-source/2 understanding-apple-events.md"; sourceTree = "<group>"; };
		4F0E39211BA76D8400FF2A96 /* 3 a-quick-tutorial.md */ = {isa = PBXFileReference; lastKnownFileType = net.daringfireball.markdown; name = "3 a-quick-tutorial.md"; path = "doc-source/3 a-quick-tutorial.md"; sourceTree = "<group>"; };
		4F0E39221BA76D8400FF2A96 /* 4 creating-and-using-static-glues.md */ = {isa = PBXFileReference; lastKnownFileType = net.daringfireball.markdown; name = "4 creating-and-using-static-glues.md"; path = "doc-source/4 creating-and-using-static-glues.md"; sourceTree = "<group>"; };
		4F0E39231BA76D8400FF2A96 /* 5 ae-type-mappings.md */ = {isa = PBXFileReference; lastKnownFileType = net.daringfireball.markdown; name = "5 ae-type-mappings.md"; path = "doc-source/5 ae-type-mappings.md"; sourceTree = "<group>"; };
		4F0E39241BA76D8400FF2A96 /* 6 application-objects.md */ = {isa = PBXFileReference; lastKnownFileType = net.daringfireball.markdown; name = "6 application-objects.md"; path = "doc-source/6 application-objects.md"; sourceTree = "<group>"; };
		4F0E39251BA76D8400FF2A96 /* 7 object-specifiers.md */ = {isa = PBXFileReference; lastKnownFileType = net.daringfireball.markdown; name = "7 object-specifiers.md"; path = "doc-source/7 object-specifiers.md"; sourceTree = "<group>"; };
		4F0E39261BA76D8400FF2A96 /* 8 commands.md */ = {isa = PBXFileReference; lastKnownFileType = net.daringfireball.markdown; name = "8 commands.md"; path = "doc-source/8 commands.md"; sourceTree = "<group>"; };
		4F0E39271BA76D8400FF2A96 /* 9 examples.md */ = {isa = PBXFileReference; lastKnownFileType = net.daringfireball.markdown; name = "9 examples.md"; path = "doc-source/9 examples.md"; sourceTree = "<group>"; };
		4F0E39281BA76D8400FF2A96 /* 10 optimizing-performance.md */ = {isa = PBXFileReference; lastKnownFileType = net.daringfireball.markdown; name = "10 optimizing-performance.md"; path = "doc-source/10 optimizing-performance.md"; sourceTree = "<group>"; };
		4F0E39291BA76D8400FF2A96 /* 11 low-level-apis.md */ = {isa = PBXFileReference; lastKnownFileType = net.daringfireball.markdown; name = "11 low-level-apis.md"; path = "doc-source/11 low-level-apis.md"; sourceTree = "<group>"; };
		4F0E392A1BA76D8400FF2A96 /* 12 notes.md */ = {isa = PBXFileReference; lastKnownFileType = net.daringfireball.markdown; name = "12 notes.md"; path = "doc-source/12 notes.md"; sourceTree = "<group>"; };
		4F0E392B1BA76D8400FF2A96 /* application_architecture.gif */ = {isa = PBXFileReference; lastKnownFileType = image.gif; name = application_architecture.gif; path = "doc-source/application_architecture.gif"; sourceTree = "<group>"; };
		4F0E392C1BA76D8400FF2A96 /* application_architecture2.gif */ = {isa = PBXFileReference; lastKnownFileType = image.gif; name = application_architecture2.gif; path = "doc-source/application_architecture2.gif"; sourceTree = "<group>"; };
		4F0E392D1BA76D8400FF2A96 /* client_app_to_itunes_event.gif */ = {isa = PBXFileReference; lastKnownFileType = image.gif; name = client_app_to_itunes_event.gif; path = "doc-source/client_app_to_itunes_event.gif"; sourceTree = "<group>"; };
		4F0E392E1BA76D8400FF2A96 /* finder_to_textedit_event.gif */ = {isa = PBXFileReference; lastKnownFileType = image.gif; name = finder_to_textedit_event.gif; path = "doc-source/finder_to_textedit_event.gif"; sourceTree = "<group>"; };
		4F0E392F1BA76D8400FF2A96 /* full.css */ = {isa = PBXFileReference; lastKnownFileType = text.css; name = full.css; path = "doc-source/full.css"; sourceTree = "<group>"; };
		4F0E39301BA76D8400FF2A96 /* relationships_example.gif */ = {isa = PBXFileReference; lastKnownFileType = image.gif; name = relationships_example.gif; path = "doc-source/relationships_example.gif"; sourceTree = "<group>"; };
		4F0E39321BA864A400FF2A96 /* a-quick-tutorial.html */ = {isa = PBXFileReference; lastKnownFileType = text.html; path = "a-quick-tutorial.html"; sourceTree = "<group>"; };
		4F0E39331BA864A400FF2A96 /* ae-type-mappings.html */ = {isa = PBXFileReference; lastKnownFileType = text.html; path = "ae-type-mappings.html"; sourceTree = "<group>"; };
		4F0E39341BA864A400FF2A96 /* application-objects.html */ = {isa = PBXFileReference; lastKnownFileType = text.html; path = "application-objects.html"; sourceTree = "<group>"; };
		4F0E39351BA864A400FF2A96 /* application_architecture.gif */ = {isa = PBXFileReference; lastKnownFileType = image.gif; path = application_architecture.gif; sourceTree = "<group>"; };
		4F0E39361BA864A400FF2A96 /* application_architecture2.gif */ = {isa = PBXFileReference; lastKnownFileType = image.gif; path = application_architecture2.gif; sourceTree = "<group>"; };
		4F0E39371BA864A400FF2A96 /* client_app_to_itunes_event.gif */ = {isa = PBXFileReference; lastKnownFileType = image.gif; path = client_app_to_itunes_event.gif; sourceTree = "<group>"; };
		4F0E39381BA864A400FF2A96 /* commands.html */ = {isa = PBXFileReference; lastKnownFileType = text.html; path = commands.html; sourceTree = "<group>"; };
		4F0E39391BA864A400FF2A96 /* creating-and-using-static-glues.html */ = {isa = PBXFileReference; lastKnownFileType = text.html; path = "creating-and-using-static-glues.html"; sourceTree = "<group>"; };
		4F0E393A1BA864A400FF2A96 /* examples.html */ = {isa = PBXFileReference; lastKnownFileType = text.html; path = examples.html; sourceTree = "<group>"; };
		4F0E393B1BA864A400FF2A96 /* finder_to_textedit_event.gif */ = {isa = PBXFileReference; lastKnownFileType = image.gif; path = finder_to_textedit_event.gif; sourceTree = "<group>"; };
		4F0E393C1BA864A400FF2A96 /* full.css */ = {isa = PBXFileReference; lastKnownFileType = text.css; path = full.css; sourceTree = "<group>"; };
		4F0E393D1BA864A400FF2A96 /* index.html */ = {isa = PBXFileReference; lastKnownFileType = text.html; path = index.html; sourceTree = "<group>"; };
		4F0E393E1BA864A400FF2A96 /* introduction.html */ = {isa = PBXFileReference; lastKnownFileType = text.html; path = introduction.html; sourceTree = "<group>"; };
		4F0E393F1BA864A400FF2A96 /* low-level-apis.html */ = {isa = PBXFileReference; lastKnownFileType = text.html; path = "low-level-apis.html"; sourceTree = "<group>"; };
		4F0E39401BA864A400FF2A96 /* notes.html */ = {isa = PBXFileReference; lastKnownFileType = text.html; path = notes.html; sourceTree = "<group>"; };
		4F0E39411BA864A400FF2A96 /* object-specifiers.html */ = {isa = PBXFileReference; lastKnownFileType = text.html; path = "object-specifiers.html"; sourceTree = "<group>"; };
		4F0E39421BA864A400FF2A96 /* optimizing-performance.html */ = {isa = PBXFileReference; lastKnownFileType = text.html; path = "optimizing-performance.html"; sourceTree = "<group>"; };
		4F0E39431BA864A400FF2A96 /* relationships_example.gif */ = {isa = PBXFileReference; lastKnownFileType = image.gif; path = relationships_example.gif; sourceTree = "<group>"; };
		4F0E39441BA864A400FF2A96 /* understanding-apple-events.html */ = {isa = PBXFileReference; lastKnownFileType = text.html; path = "understanding-apple-events.html"; sourceTree = "<group>"; };
		4F0E39451BA86B5F00FF2A96 /* TermTypes.swift */ = {isa = PBXFileReference; fileEncoding = 4; lastKnownFileType = sourcecode.swift; path = TermTypes.swift; sourceTree = "<group>"; };
		4F0E39481BA8717D00FF2A96 /* SDEFParser.swift */ = {isa = PBXFileReference; fileEncoding = 4; lastKnownFileType = sourcecode.swift; path = SDEFParser.swift; sourceTree = "<group>"; };
		4F0E394A1BA8719400FF2A96 /* OSAKit.framework */ = {isa = PBXFileReference; lastKnownFileType = wrapper.framework; name = OSAKit.framework; path = System/Library/Frameworks/OSAKit.framework; sourceTree = SDKROOT; };
		4F0E394C1BA8C16300FF2A96 /* KeywordConverter.swift */ = {isa = PBXFileReference; fileEncoding = 4; lastKnownFileType = sourcecode.swift; path = KeywordConverter.swift; sourceTree = "<group>"; };
		4F0E394E1BA8D2F600FF2A96 /* AETEParser.swift */ = {isa = PBXFileReference; fileEncoding = 4; lastKnownFileType = sourcecode.swift; path = AETEParser.swift; sourceTree = "<group>"; };
		4F0E39501BA9A7EA00FF2A96 /* GlueTable.swift */ = {isa = PBXFileReference; fileEncoding = 4; lastKnownFileType = sourcecode.swift; path = GlueTable.swift; sourceTree = "<group>"; };
		4F0E39521BA9C6C700FF2A96 /* DefaultTerminology.swift */ = {isa = PBXFileReference; fileEncoding = 4; lastKnownFileType = sourcecode.swift; path = DefaultTerminology.swift; sourceTree = "<group>"; };
		4F0E39651BAA98A900FF2A96 /* aeglue */ = {isa = PBXFileReference; explicitFileType = "compiled.mach-o.executable"; includeInIndex = 0; path = aeglue; sourceTree = BUILT_PRODUCTS_DIR; };
		4F0E39671BAA98A900FF2A96 /* main.swift */ = {isa = PBXFileReference; lastKnownFileType = sourcecode.swift; path = main.swift; sourceTree = "<group>"; };
		4F0E396D1BAA9BA700FF2A96 /* StaticGlueBuilder.swift */ = {isa = PBXFileReference; fileEncoding = 4; lastKnownFileType = sourcecode.swift; path = StaticGlueBuilder.swift; sourceTree = "<group>"; };
		4F0E39951BADD58500FF2A96 /* EventFormatter.swift */ = {isa = PBXFileReference; fileEncoding = 4; lastKnownFileType = sourcecode.swift; path = EventFormatter.swift; sourceTree = "<group>"; };
		4F0E399C1BAF7A7400FF2A96 /* SwiftAETranslate.app */ = {isa = PBXFileReference; explicitFileType = wrapper.application; includeInIndex = 0; path = SwiftAETranslate.app; sourceTree = BUILT_PRODUCTS_DIR; };
		4F0E39A01BAF7A7400FF2A96 /* Assets.xcassets */ = {isa = PBXFileReference; lastKnownFileType = folder.assetcatalog; path = Assets.xcassets; sourceTree = "<group>"; };
		4F0E39A31BAF7A7400FF2A96 /* Base */ = {isa = PBXFileReference; lastKnownFileType = file.xib; name = Base; path = Base.lproj/MainMenu.xib; sourceTree = "<group>"; };
		4F0E39A51BAF7A7400FF2A96 /* Info.plist */ = {isa = PBXFileReference; lastKnownFileType = text.plist.xml; path = Info.plist; sourceTree = "<group>"; };
		4F0E39C91BB008A400FF2A96 /* SwiftAETranslate-Bridging-Header.h */ = {isa = PBXFileReference; lastKnownFileType = sourcecode.c.h; path = "SwiftAETranslate-Bridging-Header.h"; sourceTree = "<group>"; };
		4F0E39CA1BB008A400FF2A96 /* SAELanguageInstance.h */ = {isa = PBXFileReference; fileEncoding = 4; lastKnownFileType = sourcecode.c.h; path = SAELanguageInstance.h; sourceTree = "<group>"; };
		4F0E39CB1BB008A400FF2A96 /* SAELanguageInstance.m */ = {isa = PBXFileReference; fileEncoding = 4; lastKnownFileType = sourcecode.c.objc; path = SAELanguageInstance.m; sourceTree = "<group>"; };
		4F0E39CD1BB008B400FF2A96 /* SAEEventSniffer.h */ = {isa = PBXFileReference; fileEncoding = 4; lastKnownFileType = sourcecode.c.h; path = SAEEventSniffer.h; sourceTree = "<group>"; };
		4F0E39CE1BB008B400FF2A96 /* SAEEventSniffer.m */ = {isa = PBXFileReference; fileEncoding = 4; lastKnownFileType = sourcecode.c.objc; path = SAEEventSniffer.m; sourceTree = "<group>"; };
		4F0E39D01BB00B3300FF2A96 /* AppDelegate.h */ = {isa = PBXFileReference; fileEncoding = 4; lastKnownFileType = sourcecode.c.h; path = AppDelegate.h; sourceTree = "<group>"; };
		4F0E39D11BB00B3300FF2A96 /* AppDelegate.m */ = {isa = PBXFileReference; fileEncoding = 4; lastKnownFileType = sourcecode.c.objc; path = AppDelegate.m; sourceTree = "<group>"; };
		4F0E39D31BB0342600FF2A96 /* SwiftAEFormatter.swift */ = {isa = PBXFileReference; fileEncoding = 4; lastKnownFileType = sourcecode.swift; path = SwiftAEFormatter.swift; sourceTree = "<group>"; };
		4F0E39D51BB0504D00FF2A96 /* main.m */ = {isa = PBXFileReference; fileEncoding = 4; lastKnownFileType = sourcecode.c.objc; path = main.m; sourceTree = "<group>"; };
		4F1D12401BA3042600875F74 /* SpecifierExtensions.swift */ = {isa = PBXFileReference; fileEncoding = 4; lastKnownFileType = sourcecode.swift; path = SpecifierExtensions.swift; sourceTree = "<group>"; };
		4F2645A41BA37C5000256402 /* SwiftAEGlueTemplate.txt */ = {isa = PBXFileReference; fileEncoding = 4; lastKnownFileType = text; path = SwiftAEGlueTemplate.txt; sourceTree = "<group>"; };
		4F2645A71BA4243E00256402 /* TextEditGlue.swift */ = {isa = PBXFileReference; fileEncoding = 4; lastKnownFileType = sourcecode.swift; path = TextEditGlue.swift; sourceTree = "<group>"; };
		4F2645A91BA424FC00256402 /* TextEditGlue.swift.sdef */ = {isa = PBXFileReference; lastKnownFileType = text.xml; path = TextEditGlue.swift.sdef; sourceTree = "<group>"; };
		4F2645AB1BA4F27700256402 /* AEApplicationGlue.swift */ = {isa = PBXFileReference; fileEncoding = 4; lastKnownFileType = sourcecode.swift; path = AEApplicationGlue.swift; sourceTree = "<group>"; };
		4F2645AD1BA59A0E00256402 /* FinderGlue.swift.sdef */ = {isa = PBXFileReference; fileEncoding = 4; lastKnownFileType = text.xml; path = FinderGlue.swift.sdef; sourceTree = "<group>"; };
		4F2645AE1BA59A0E00256402 /* FinderGlue.swift */ = {isa = PBXFileReference; fileEncoding = 4; lastKnownFileType = sourcecode.swift; path = FinderGlue.swift; sourceTree = "<group>"; };
		4F2645AF1BA59A0E00256402 /* ITunesGlue.swift.sdef */ = {isa = PBXFileReference; fileEncoding = 4; lastKnownFileType = text.xml; path = ITunesGlue.swift.sdef; sourceTree = "<group>"; };
		4F2645B01BA59A0E00256402 /* ITunesGlue.swift */ = {isa = PBXFileReference; fileEncoding = 4; lastKnownFileType = sourcecode.swift; path = ITunesGlue.swift; sourceTree = "<group>"; };
		4F53812A1BA62541001F24A9 /* README */ = {isa = PBXFileReference; lastKnownFileType = text; path = README; sourceTree = "<group>"; };
		4F63C4241B7CF06E000D74EE /* SwiftAE */ = {isa = PBXFileReference; explicitFileType = "compiled.mach-o.executable"; includeInIndex = 0; path = SwiftAE; sourceTree = BUILT_PRODUCTS_DIR; };
		4F63C4271B7CF06E000D74EE /* main.swift */ = {isa = PBXFileReference; lastKnownFileType = sourcecode.swift; path = main.swift; sourceTree = "<group>"; };
		4F63C42E1B7CF133000D74EE /* AEConstants.swift */ = {isa = PBXFileReference; fileEncoding = 4; lastKnownFileType = sourcecode.swift; path = AEConstants.swift; sourceTree = "<group>"; };
		4F63C42F1B7CF133000D74EE /* Specifier.swift */ = {isa = PBXFileReference; fileEncoding = 4; lastKnownFileType = sourcecode.swift; path = Specifier.swift; sourceTree = "<group>"; };
		4F63C4331B7CF1C4000D74EE /* Foundation.framework */ = {isa = PBXFileReference; lastKnownFileType = wrapper.framework; name = Foundation.framework; path = System/Library/Frameworks/Foundation.framework; sourceTree = SDKROOT; };
		4F63C4351B7CF1C8000D74EE /* AppKit.framework */ = {isa = PBXFileReference; lastKnownFileType = wrapper.framework; name = AppKit.framework; path = System/Library/Frameworks/AppKit.framework; sourceTree = SDKROOT; };
		4F63C4371B7CF1E0000D74EE /* Carbon.framework */ = {isa = PBXFileReference; lastKnownFileType = wrapper.framework; name = Carbon.framework; path = System/Library/Frameworks/Carbon.framework; sourceTree = SDKROOT; };
		4F63C4401B86A335000D74EE /* AppData.swift */ = {isa = PBXFileReference; fileEncoding = 4; lastKnownFileType = sourcecode.swift; path = AppData.swift; sourceTree = "<group>"; };
		4F63C4421B87AC88000D74EE /* Symbol.swift */ = {isa = PBXFileReference; fileEncoding = 4; lastKnownFileType = sourcecode.swift; path = Symbol.swift; sourceTree = "<group>"; };
		4F63C4441B8A4DFC000D74EE /* Errors.swift */ = {isa = PBXFileReference; fileEncoding = 4; lastKnownFileType = sourcecode.swift; path = Errors.swift; sourceTree = "<group>"; };
		4F63C4461B8A669C000D74EE /* Support.swift */ = {isa = PBXFileReference; fileEncoding = 4; lastKnownFileType = sourcecode.swift; path = Support.swift; sourceTree = "<group>"; };
		4FDD30FD1B932C29002BA20F /* SpecifierFormatter.swift */ = {isa = PBXFileReference; fileEncoding = 4; lastKnownFileType = sourcecode.swift; path = SpecifierFormatter.swift; sourceTree = "<group>"; };
		4FEFCF1C1B93A31E0013FFC8 /* TODO.txt */ = {isa = PBXFileReference; fileEncoding = 4; lastKnownFileType = text; path = TODO.txt; sourceTree = "<group>"; };
/* End PBXFileReference section */

/* Begin PBXFrameworksBuildPhase section */
		4F0E39621BAA98A900FF2A96 /* Frameworks */ = {
			isa = PBXFrameworksBuildPhase;
			buildActionMask = 2147483647;
			files = (
				4F0E39841BAB743800FF2A96 /* Foundation.framework in Frameworks */,
			);
			runOnlyForDeploymentPostprocessing = 0;
		};
		4F0E39991BAF7A7400FF2A96 /* Frameworks */ = {
			isa = PBXFrameworksBuildPhase;
			buildActionMask = 2147483647;
			files = (
				4F0E39BE1BAF7B7C00FF2A96 /* AppKit.framework in Frameworks */,
				4F0E39BD1BAF7B7600FF2A96 /* Foundation.framework in Frameworks */,
				4F0E39A91BAF7ADC00FF2A96 /* OSAKit.framework in Frameworks */,
			);
			runOnlyForDeploymentPostprocessing = 0;
		};
		4F63C4211B7CF06E000D74EE /* Frameworks */ = {
			isa = PBXFrameworksBuildPhase;
			buildActionMask = 2147483647;
			files = (
				4F63C4381B7CF1E0000D74EE /* Carbon.framework in Frameworks */,
				4F63C4361B7CF1C8000D74EE /* AppKit.framework in Frameworks */,
				4F63C4341B7CF1C4000D74EE /* Foundation.framework in Frameworks */,
			);
			runOnlyForDeploymentPostprocessing = 0;
		};
/* End PBXFrameworksBuildPhase section */

/* Begin PBXGroup section */
		4F0E38FF1BA76C8300FF2A96 /* doc-source */ = {
			isa = PBXGroup;
			children = (
				4F0E391F1BA76D8400FF2A96 /* 1 introduction.md */,
				4F0E39201BA76D8400FF2A96 /* 2 understanding-apple-events.md */,
				4F0E39211BA76D8400FF2A96 /* 3 a-quick-tutorial.md */,
				4F0E39221BA76D8400FF2A96 /* 4 creating-and-using-static-glues.md */,
				4F0E39231BA76D8400FF2A96 /* 5 ae-type-mappings.md */,
				4F0E39241BA76D8400FF2A96 /* 6 application-objects.md */,
				4F0E39251BA76D8400FF2A96 /* 7 object-specifiers.md */,
				4F0E39261BA76D8400FF2A96 /* 8 commands.md */,
				4F0E39271BA76D8400FF2A96 /* 9 examples.md */,
				4F0E39281BA76D8400FF2A96 /* 10 optimizing-performance.md */,
				4F0E39291BA76D8400FF2A96 /* 11 low-level-apis.md */,
				4F0E392A1BA76D8400FF2A96 /* 12 notes.md */,
				4F0E392B1BA76D8400FF2A96 /* application_architecture.gif */,
				4F0E392C1BA76D8400FF2A96 /* application_architecture2.gif */,
				4F0E392D1BA76D8400FF2A96 /* client_app_to_itunes_event.gif */,
				4F0E392E1BA76D8400FF2A96 /* finder_to_textedit_event.gif */,
				4F0E392F1BA76D8400FF2A96 /* full.css */,
				4F0E39301BA76D8400FF2A96 /* relationships_example.gif */,
			);
			name = "doc-source";
			sourceTree = "<group>";
		};
		4F0E39311BA864A400FF2A96 /* swiftae-manual */ = {
			isa = PBXGroup;
			children = (
				4F0E39321BA864A400FF2A96 /* a-quick-tutorial.html */,
				4F0E39331BA864A400FF2A96 /* ae-type-mappings.html */,
				4F0E39341BA864A400FF2A96 /* application-objects.html */,
				4F0E39351BA864A400FF2A96 /* application_architecture.gif */,
				4F0E39361BA864A400FF2A96 /* application_architecture2.gif */,
				4F0E39371BA864A400FF2A96 /* client_app_to_itunes_event.gif */,
				4F0E39381BA864A400FF2A96 /* commands.html */,
				4F0E39391BA864A400FF2A96 /* creating-and-using-static-glues.html */,
				4F0E393A1BA864A400FF2A96 /* examples.html */,
				4F0E393B1BA864A400FF2A96 /* finder_to_textedit_event.gif */,
				4F0E393C1BA864A400FF2A96 /* full.css */,
				4F0E393D1BA864A400FF2A96 /* index.html */,
				4F0E393E1BA864A400FF2A96 /* introduction.html */,
				4F0E393F1BA864A400FF2A96 /* low-level-apis.html */,
				4F0E39401BA864A400FF2A96 /* notes.html */,
				4F0E39411BA864A400FF2A96 /* object-specifiers.html */,
				4F0E39421BA864A400FF2A96 /* optimizing-performance.html */,
				4F0E39431BA864A400FF2A96 /* relationships_example.gif */,
				4F0E39441BA864A400FF2A96 /* understanding-apple-events.html */,
			);
			path = "swiftae-manual";
			sourceTree = "<group>";
		};
		4F0E39471BA86B6800FF2A96 /* terminology support */ = {
			isa = PBXGroup;
			children = (
				4F0E39451BA86B5F00FF2A96 /* TermTypes.swift */,
				4F0E39521BA9C6C700FF2A96 /* DefaultTerminology.swift */,
				4F0E394C1BA8C16300FF2A96 /* KeywordConverter.swift */,
				4F0E394E1BA8D2F600FF2A96 /* AETEParser.swift */,
				4F0E39481BA8717D00FF2A96 /* SDEFParser.swift */,
				4F0E39501BA9A7EA00FF2A96 /* GlueTable.swift */,
				4F0E39951BADD58500FF2A96 /* EventFormatter.swift */,
				4F0E396D1BAA9BA700FF2A96 /* StaticGlueBuilder.swift */,
				4F2645A41BA37C5000256402 /* SwiftAEGlueTemplate.txt */,
			);
			name = "terminology support";
			sourceTree = "<group>";
		};
		4F0E39661BAA98A900FF2A96 /* aeglue */ = {
			isa = PBXGroup;
			children = (
				4F0E39671BAA98A900FF2A96 /* main.swift */,
			);
			path = aeglue;
			sourceTree = "<group>";
		};
		4F0E396C1BAA98D700FF2A96 /* bridge */ = {
			isa = PBXGroup;
			children = (
				4F63C42E1B7CF133000D74EE /* AEConstants.swift */,
				4F63C4401B86A335000D74EE /* AppData.swift */,
				4F63C42F1B7CF133000D74EE /* Specifier.swift */,
				4F1D12401BA3042600875F74 /* SpecifierExtensions.swift */,
				4FDD30FD1B932C29002BA20F /* SpecifierFormatter.swift */,
				4F63C4421B87AC88000D74EE /* Symbol.swift */,
				4F63C4441B8A4DFC000D74EE /* Errors.swift */,
				4F63C4461B8A669C000D74EE /* Support.swift */,
			);
			name = bridge;
			sourceTree = "<group>";
		};
		4F0E399D1BAF7A7400FF2A96 /* SwiftAETranslate */ = {
			isa = PBXGroup;
			children = (
				4F0E39D51BB0504D00FF2A96 /* main.m */,
				4F0E39D01BB00B3300FF2A96 /* AppDelegate.h */,
				4F0E39D11BB00B3300FF2A96 /* AppDelegate.m */,
				4F0E39CA1BB008A400FF2A96 /* SAELanguageInstance.h */,
				4F0E39CB1BB008A400FF2A96 /* SAELanguageInstance.m */,
				4F0E39CD1BB008B400FF2A96 /* SAEEventSniffer.h */,
				4F0E39CE1BB008B400FF2A96 /* SAEEventSniffer.m */,
				4F0E39D31BB0342600FF2A96 /* SwiftAEFormatter.swift */,
				4F0E39A01BAF7A7400FF2A96 /* Assets.xcassets */,
				4F0E39A21BAF7A7400FF2A96 /* MainMenu.xib */,
				4F0E39A51BAF7A7400FF2A96 /* Info.plist */,
				4F0E39C91BB008A400FF2A96 /* SwiftAETranslate-Bridging-Header.h */,
			);
			path = SwiftAETranslate;
			sourceTree = "<group>";
		};
		4F2645A31BA37C2B00256402 /* Frameworks */ = {
			isa = PBXGroup;
			children = (
				4F0E394A1BA8719400FF2A96 /* OSAKit.framework */,
				4F63C4371B7CF1E0000D74EE /* Carbon.framework */,
				4F63C4351B7CF1C8000D74EE /* AppKit.framework */,
				4F63C4331B7CF1C4000D74EE /* Foundation.framework */,
			);
			name = Frameworks;
			sourceTree = "<group>";
		};
		4F2645A61BA3F58F00256402 /* bin */ = {
			isa = PBXGroup;
			children = (
				4F0E39001BA76CB600FF2A96 /* mkdoc */,
			);
			name = bin;
			sourceTree = "<group>";
		};
		4F2645B31BA59A2000256402 /* sample glues */ = {
			isa = PBXGroup;
			children = (
				4F2645A71BA4243E00256402 /* TextEditGlue.swift */,
				4F2645A91BA424FC00256402 /* TextEditGlue.swift.sdef */,
				4F2645AE1BA59A0E00256402 /* FinderGlue.swift */,
				4F2645AD1BA59A0E00256402 /* FinderGlue.swift.sdef */,
				4F2645B01BA59A0E00256402 /* ITunesGlue.swift */,
				4F2645AF1BA59A0E00256402 /* ITunesGlue.swift.sdef */,
			);
			name = "sample glues";
			sourceTree = "<group>";
		};
		4F63C41B1B7CF06E000D74EE = {
			isa = PBXGroup;
			children = (
				4FEFCF1C1B93A31E0013FFC8 /* TODO.txt */,
				4F53812A1BA62541001F24A9 /* README */,
				4F0E38FF1BA76C8300FF2A96 /* doc-source */,
				4F0E39311BA864A400FF2A96 /* swiftae-manual */,
				4F2645A61BA3F58F00256402 /* bin */,
				4F63C4261B7CF06E000D74EE /* SwiftAE */,
				4F63C4321B7CF13E000D74EE /* test */,
				4F0E39661BAA98A900FF2A96 /* aeglue */,
				4F0E399D1BAF7A7400FF2A96 /* SwiftAETranslate */,
				4F2645A31BA37C2B00256402 /* Frameworks */,
				4F63C4251B7CF06E000D74EE /* Products */,
			);
			sourceTree = "<group>";
		};
		4F63C4251B7CF06E000D74EE /* Products */ = {
			isa = PBXGroup;
			children = (
				4F63C4241B7CF06E000D74EE /* SwiftAE */,
				4F0E39651BAA98A900FF2A96 /* aeglue */,
				4F0E399C1BAF7A7400FF2A96 /* SwiftAETranslate.app */,
			);
			name = Products;
			sourceTree = "<group>";
		};
		4F63C4261B7CF06E000D74EE /* SwiftAE */ = {
			isa = PBXGroup;
			children = (
				4F0E396C1BAA98D700FF2A96 /* bridge */,
				4F0E39471BA86B6800FF2A96 /* terminology support */,
				4F2645AB1BA4F27700256402 /* AEApplicationGlue.swift */,
				4F2645B31BA59A2000256402 /* sample glues */,
			);
			path = SwiftAE;
			sourceTree = "<group>";
		};
		4F63C4321B7CF13E000D74EE /* test */ = {
			isa = PBXGroup;
			children = (
				4F63C4271B7CF06E000D74EE /* main.swift */,
			);
			name = test;
			path = SwiftAE;
			sourceTree = "<group>";
		};
/* End PBXGroup section */

/* Begin PBXNativeTarget section */
		4F0E39641BAA98A900FF2A96 /* aeglue */ = {
			isa = PBXNativeTarget;
			buildConfigurationList = 4F0E39691BAA98A900FF2A96 /* Build configuration list for PBXNativeTarget "aeglue" */;
			buildPhases = (
				4F0E39611BAA98A900FF2A96 /* Sources */,
				4F0E39621BAA98A900FF2A96 /* Frameworks */,
				4F0E39631BAA98A900FF2A96 /* CopyFiles */,
			);
			buildRules = (
			);
			dependencies = (
				4F0E39831BAB742400FF2A96 /* PBXTargetDependency */,
			);
			name = aeglue;
			productName = aeglue;
			productReference = 4F0E39651BAA98A900FF2A96 /* aeglue */;
			productType = "com.apple.product-type.tool";
		};
		4F0E399B1BAF7A7400FF2A96 /* SwiftAETranslate */ = {
			isa = PBXNativeTarget;
			buildConfigurationList = 4F0E39A61BAF7A7400FF2A96 /* Build configuration list for PBXNativeTarget "SwiftAETranslate" */;
			buildPhases = (
				4F0E39981BAF7A7400FF2A96 /* Sources */,
				4F0E39991BAF7A7400FF2A96 /* Frameworks */,
				4F0E399A1BAF7A7400FF2A96 /* Resources */,
			);
			buildRules = (
			);
			dependencies = (
				4F0E39BC1BAF7B6800FF2A96 /* PBXTargetDependency */,
			);
			name = SwiftAETranslate;
			productName = SwiftAETranslate;
			productReference = 4F0E399C1BAF7A7400FF2A96 /* SwiftAETranslate.app */;
			productType = "com.apple.product-type.application";
		};
		4F63C4231B7CF06E000D74EE /* SwiftAE */ = {
			isa = PBXNativeTarget;
			buildConfigurationList = 4F63C42B1B7CF06E000D74EE /* Build configuration list for PBXNativeTarget "SwiftAE" */;
			buildPhases = (
				4F63C4201B7CF06E000D74EE /* Sources */,
				4F63C4211B7CF06E000D74EE /* Frameworks */,
				4F63C4221B7CF06E000D74EE /* CopyFiles */,
			);
			buildRules = (
			);
			dependencies = (
			);
			name = SwiftAE;
			productName = SwiftAE;
			productReference = 4F63C4241B7CF06E000D74EE /* SwiftAE */;
			productType = "com.apple.product-type.tool";
		};
/* End PBXNativeTarget section */

/* Begin PBXProject section */
		4F63C41C1B7CF06E000D74EE /* Project object */ = {
			isa = PBXProject;
			attributes = {
				LastSwiftUpdateCheck = 0700;
				LastUpgradeCheck = 0700;
				TargetAttributes = {
					4F0E39641BAA98A900FF2A96 = {
						CreatedOnToolsVersion = 7.0;
					};
					4F0E399B1BAF7A7400FF2A96 = {
						CreatedOnToolsVersion = 7.0;
					};
					4F63C4231B7CF06E000D74EE = {
						CreatedOnToolsVersion = 7.0;
					};
				};
			};
			buildConfigurationList = 4F63C41F1B7CF06E000D74EE /* Build configuration list for PBXProject "SwiftAE" */;
			compatibilityVersion = "Xcode 3.2";
			developmentRegion = English;
			hasScannedForEncodings = 0;
			knownRegions = (
				en,
				Base,
			);
			mainGroup = 4F63C41B1B7CF06E000D74EE;
			productRefGroup = 4F63C4251B7CF06E000D74EE /* Products */;
			projectDirPath = "";
			projectRoot = "";
			targets = (
				4F63C4231B7CF06E000D74EE /* SwiftAE */,
				4F0E39641BAA98A900FF2A96 /* aeglue */,
				4F0E399B1BAF7A7400FF2A96 /* SwiftAETranslate */,
			);
		};
/* End PBXProject section */

/* Begin PBXResourcesBuildPhase section */
		4F0E399A1BAF7A7400FF2A96 /* Resources */ = {
			isa = PBXResourcesBuildPhase;
			buildActionMask = 2147483647;
			files = (
				4F0E39A11BAF7A7400FF2A96 /* Assets.xcassets in Resources */,
				4F0E39A41BAF7A7400FF2A96 /* MainMenu.xib in Resources */,
			);
			runOnlyForDeploymentPostprocessing = 0;
		};
/* End PBXResourcesBuildPhase section */

/* Begin PBXSourcesBuildPhase section */
		4F0E39611BAA98A900FF2A96 /* Sources */ = {
			isa = PBXSourcesBuildPhase;
			buildActionMask = 2147483647;
			files = (
				4F0E39971BAF4D7A00FF2A96 /* EventFormatter.swift in Sources */,
				4F0E39851BAB7B7B00FF2A96 /* AEConstants.swift in Sources */,
				4F0E39861BAB7B7B00FF2A96 /* AppData.swift in Sources */,
				4F0E39871BAB7B7B00FF2A96 /* Specifier.swift in Sources */,
				4F0E39881BAB7B7B00FF2A96 /* SpecifierExtensions.swift in Sources */,
				4F0E39891BAB7B7B00FF2A96 /* SpecifierFormatter.swift in Sources */,
				4F0E398A1BAB7B7B00FF2A96 /* Symbol.swift in Sources */,
				4F0E398B1BAB7B7B00FF2A96 /* Errors.swift in Sources */,
				4F0E398C1BAB7B7B00FF2A96 /* Support.swift in Sources */,
				4F0E398D1BAB7B7B00FF2A96 /* TermTypes.swift in Sources */,
				4F0E398E1BAB7B7B00FF2A96 /* DefaultTerminology.swift in Sources */,
				4F0E398F1BAB7B7B00FF2A96 /* KeywordConverter.swift in Sources */,
				4F0E39901BAB7B7B00FF2A96 /* AETEParser.swift in Sources */,
				4F0E39911BAB7B7B00FF2A96 /* SDEFParser.swift in Sources */,
				4F0E39921BAB7B7B00FF2A96 /* GlueTable.swift in Sources */,
				4F0E39931BAB7B7B00FF2A96 /* StaticGlueBuilder.swift in Sources */,
				4F0E39941BAB7B7B00FF2A96 /* AEApplicationGlue.swift in Sources */,
				4F0E39681BAA98A900FF2A96 /* main.swift in Sources */,
			);
			runOnlyForDeploymentPostprocessing = 0;
		};
		4F0E39981BAF7A7400FF2A96 /* Sources */ = {
			isa = PBXSourcesBuildPhase;
			buildActionMask = 2147483647;
			files = (
				4F0E39CF1BB008B400FF2A96 /* SAEEventSniffer.m in Sources */,
				4F0E39AA1BAF7B3400FF2A96 /* AEConstants.swift in Sources */,
				4F0E39AB1BAF7B3400FF2A96 /* AppData.swift in Sources */,
				4F0E39AC1BAF7B3400FF2A96 /* Specifier.swift in Sources */,
				4F0E39D21BB00B3300FF2A96 /* AppDelegate.m in Sources */,
				4F0E39AD1BAF7B3400FF2A96 /* SpecifierExtensions.swift in Sources */,
				4F0E39AE1BAF7B3400FF2A96 /* SpecifierFormatter.swift in Sources */,
				4F0E39AF1BAF7B3400FF2A96 /* EventFormatter.swift in Sources */,
				4F0E39B01BAF7B3400FF2A96 /* Symbol.swift in Sources */,
				4F0E39B11BAF7B3400FF2A96 /* Errors.swift in Sources */,
				4F0E39D41BB0342600FF2A96 /* SwiftAEFormatter.swift in Sources */,
				4F0E39B21BAF7B3400FF2A96 /* Support.swift in Sources */,
				4F0E39CC1BB008A400FF2A96 /* SAELanguageInstance.m in Sources */,
				4F0E39B31BAF7B3400FF2A96 /* TermTypes.swift in Sources */,
				4F0E39B41BAF7B3400FF2A96 /* DefaultTerminology.swift in Sources */,
				4F0E39B51BAF7B3400FF2A96 /* KeywordConverter.swift in Sources */,
				4F0E39B61BAF7B3400FF2A96 /* AETEParser.swift in Sources */,
				4F0E39B71BAF7B3400FF2A96 /* SDEFParser.swift in Sources */,
				4F0E39B81BAF7B3400FF2A96 /* GlueTable.swift in Sources */,
				4F0E39B91BAF7B3400FF2A96 /* StaticGlueBuilder.swift in Sources */,
				4F0E39D61BB0504D00FF2A96 /* main.m in Sources */,
				4F0E39BA1BAF7B3400FF2A96 /* AEApplicationGlue.swift in Sources */,
			);
			runOnlyForDeploymentPostprocessing = 0;
		};
		4F63C4201B7CF06E000D74EE /* Sources */ = {
			isa = PBXSourcesBuildPhase;
			buildActionMask = 2147483647;
			files = (
				4F0E39511BA9A7EA00FF2A96 /* GlueTable.swift in Sources */,
				4F2645B11BA59A0E00256402 /* FinderGlue.swift in Sources */,
				4FDD30FE1B932C29002BA20F /* SpecifierFormatter.swift in Sources */,
				4F0E39491BA8717D00FF2A96 /* SDEFParser.swift in Sources */,
				4F2645A81BA4243E00256402 /* TextEditGlue.swift in Sources */,
				4F63C4471B8A669C000D74EE /* Support.swift in Sources */,
				4F63C4281B7CF06E000D74EE /* main.swift in Sources */,
				4F63C4431B87AC88000D74EE /* Symbol.swift in Sources */,
				4F63C4301B7CF133000D74EE /* AEConstants.swift in Sources */,
				4F0E39461BA86B5F00FF2A96 /* TermTypes.swift in Sources */,
				4F63C4311B7CF133000D74EE /* Specifier.swift in Sources */,
				4F63C4411B86A335000D74EE /* AppData.swift in Sources */,
				4F63C4451B8A4DFC000D74EE /* Errors.swift in Sources */,
				4F2645AC1BA4F27700256402 /* AEApplicationGlue.swift in Sources */,
				4F0E39531BA9C6C700FF2A96 /* DefaultTerminology.swift in Sources */,
				4F2645B21BA59A0E00256402 /* ITunesGlue.swift in Sources */,
				4F0E39961BADD58500FF2A96 /* EventFormatter.swift in Sources */,
				4F0E394F1BA8D2F600FF2A96 /* AETEParser.swift in Sources */,
				4F0E394D1BA8C16300FF2A96 /* KeywordConverter.swift in Sources */,
				4F0E396E1BAA9BA700FF2A96 /* StaticGlueBuilder.swift in Sources */,
				4F1D12411BA3042600875F74 /* SpecifierExtensions.swift in Sources */,
			);
			runOnlyForDeploymentPostprocessing = 0;
		};
/* End PBXSourcesBuildPhase section */

/* Begin PBXTargetDependency section */
		4F0E39831BAB742400FF2A96 /* PBXTargetDependency */ = {
			isa = PBXTargetDependency;
			target = 4F63C4231B7CF06E000D74EE /* SwiftAE */;
			targetProxy = 4F0E39821BAB742400FF2A96 /* PBXContainerItemProxy */;
		};
		4F0E39BC1BAF7B6800FF2A96 /* PBXTargetDependency */ = {
			isa = PBXTargetDependency;
			target = 4F63C4231B7CF06E000D74EE /* SwiftAE */;
			targetProxy = 4F0E39BB1BAF7B6800FF2A96 /* PBXContainerItemProxy */;
		};
/* End PBXTargetDependency section */

/* Begin PBXVariantGroup section */
		4F0E39A21BAF7A7400FF2A96 /* MainMenu.xib */ = {
			isa = PBXVariantGroup;
			children = (
				4F0E39A31BAF7A7400FF2A96 /* Base */,
			);
			name = MainMenu.xib;
			sourceTree = "<group>";
		};
/* End PBXVariantGroup section */

/* Begin XCBuildConfiguration section */
		4F0E396A1BAA98A900FF2A96 /* Debug */ = {
			isa = XCBuildConfiguration;
			buildSettings = {
				PRODUCT_NAME = "$(TARGET_NAME)";
			};
			name = Debug;
		};
		4F0E396B1BAA98A900FF2A96 /* Release */ = {
			isa = XCBuildConfiguration;
			buildSettings = {
				PRODUCT_NAME = "$(TARGET_NAME)";
			};
			name = Release;
		};
		4F0E39A71BAF7A7400FF2A96 /* Debug */ = {
			isa = XCBuildConfiguration;
			buildSettings = {
				ASSETCATALOG_COMPILER_APPICON_NAME = AppIcon;
				CLANG_ENABLE_MODULES = YES;
				CODE_SIGN_IDENTITY = "-";
				COMBINE_HIDPI_IMAGES = YES;
				INFOPLIST_FILE = SwiftAETranslate/Info.plist;
				LD_RUNPATH_SEARCH_PATHS = "$(inherited) @executable_path/../Frameworks";
				PRODUCT_BUNDLE_IDENTIFIER = org.bitbucket.hhas.SwiftAETranslate;
				PRODUCT_NAME = "$(TARGET_NAME)";
				SWIFT_INSTALL_OBJC_HEADER = YES;
				SWIFT_OBJC_BRIDGING_HEADER = "SwiftAETranslate/SwiftAETranslate-Bridging-Header.h";
				SWIFT_OPTIMIZATION_LEVEL = "-Onone";
			};
			name = Debug;
		};
		4F0E39A81BAF7A7400FF2A96 /* Release */ = {
			isa = XCBuildConfiguration;
			buildSettings = {
				ASSETCATALOG_COMPILER_APPICON_NAME = AppIcon;
				CLANG_ENABLE_MODULES = YES;
				CODE_SIGN_IDENTITY = "-";
				COMBINE_HIDPI_IMAGES = YES;
				INFOPLIST_FILE = SwiftAETranslate/Info.plist;
				LD_RUNPATH_SEARCH_PATHS = "$(inherited) @executable_path/../Frameworks";
				PRODUCT_BUNDLE_IDENTIFIER = org.bitbucket.hhas.SwiftAETranslate;
				PRODUCT_NAME = "$(TARGET_NAME)";
				SWIFT_INSTALL_OBJC_HEADER = YES;
				SWIFT_OBJC_BRIDGING_HEADER = "SwiftAETranslate/SwiftAETranslate-Bridging-Header.h";
			};
			name = Release;
		};
		4F63C4291B7CF06E000D74EE /* Debug */ = {
			isa = XCBuildConfiguration;
			buildSettings = {
				ALWAYS_SEARCH_USER_PATHS = NO;
				CLANG_CXX_LANGUAGE_STANDARD = "gnu++0x";
				CLANG_CXX_LIBRARY = "libc++";
				CLANG_ENABLE_MODULES = YES;
				CLANG_ENABLE_OBJC_ARC = YES;
				CLANG_WARN_BOOL_CONVERSION = YES;
				CLANG_WARN_CONSTANT_CONVERSION = YES;
				CLANG_WARN_DIRECT_OBJC_ISA_USAGE = YES_ERROR;
				CLANG_WARN_EMPTY_BODY = YES;
				CLANG_WARN_ENUM_CONVERSION = YES;
				CLANG_WARN_INT_CONVERSION = YES;
				CLANG_WARN_OBJC_ROOT_CLASS = YES_ERROR;
				CLANG_WARN_UNREACHABLE_CODE = YES;
				CLANG_WARN__DUPLICATE_METHOD_MATCH = YES;
				COPY_PHASE_STRIP = NO;
				DEBUG_INFORMATION_FORMAT = dwarf;
				ENABLE_STRICT_OBJC_MSGSEND = YES;
				ENABLE_TESTABILITY = YES;
				GCC_C_LANGUAGE_STANDARD = gnu99;
				GCC_DYNAMIC_NO_PIC = NO;
				GCC_NO_COMMON_BLOCKS = YES;
				GCC_OPTIMIZATION_LEVEL = 0;
				GCC_PREPROCESSOR_DEFINITIONS = (
					"DEBUG=1",
					"$(inherited)",
				);
				GCC_WARN_64_TO_32_BIT_CONVERSION = YES;
				GCC_WARN_ABOUT_RETURN_TYPE = YES_ERROR;
				GCC_WARN_UNDECLARED_SELECTOR = YES;
				GCC_WARN_UNINITIALIZED_AUTOS = YES_AGGRESSIVE;
				GCC_WARN_UNUSED_FUNCTION = YES;
				GCC_WARN_UNUSED_VARIABLE = YES;
				MACOSX_DEPLOYMENT_TARGET = 10.11;
				MTL_ENABLE_DEBUG_INFO = YES;
				ONLY_ACTIVE_ARCH = YES;
				SDKROOT = macosx;
				SWIFT_INSTALL_OBJC_HEADER = NO;
				SWIFT_OPTIMIZATION_LEVEL = "-Onone";
			};
			name = Debug;
		};
		4F63C42A1B7CF06E000D74EE /* Release */ = {
			isa = XCBuildConfiguration;
			buildSettings = {
				ALWAYS_SEARCH_USER_PATHS = NO;
				CLANG_CXX_LANGUAGE_STANDARD = "gnu++0x";
				CLANG_CXX_LIBRARY = "libc++";
				CLANG_ENABLE_MODULES = YES;
				CLANG_ENABLE_OBJC_ARC = YES;
				CLANG_WARN_BOOL_CONVERSION = YES;
				CLANG_WARN_CONSTANT_CONVERSION = YES;
				CLANG_WARN_DIRECT_OBJC_ISA_USAGE = YES_ERROR;
				CLANG_WARN_EMPTY_BODY = YES;
				CLANG_WARN_ENUM_CONVERSION = YES;
				CLANG_WARN_INT_CONVERSION = YES;
				CLANG_WARN_OBJC_ROOT_CLASS = YES_ERROR;
				CLANG_WARN_UNREACHABLE_CODE = YES;
				CLANG_WARN__DUPLICATE_METHOD_MATCH = YES;
				COPY_PHASE_STRIP = NO;
				DEBUG_INFORMATION_FORMAT = "dwarf-with-dsym";
				ENABLE_NS_ASSERTIONS = NO;
				ENABLE_STRICT_OBJC_MSGSEND = YES;
				GCC_C_LANGUAGE_STANDARD = gnu99;
				GCC_NO_COMMON_BLOCKS = YES;
				GCC_WARN_64_TO_32_BIT_CONVERSION = YES;
				GCC_WARN_ABOUT_RETURN_TYPE = YES_ERROR;
				GCC_WARN_UNDECLARED_SELECTOR = YES;
				GCC_WARN_UNINITIALIZED_AUTOS = YES_AGGRESSIVE;
				GCC_WARN_UNUSED_FUNCTION = YES;
				GCC_WARN_UNUSED_VARIABLE = YES;
				MACOSX_DEPLOYMENT_TARGET = 10.11;
				MTL_ENABLE_DEBUG_INFO = NO;
				SDKROOT = macosx;
				SWIFT_INSTALL_OBJC_HEADER = NO;
			};
			name = Release;
		};
		4F63C42C1B7CF06E000D74EE /* Debug */ = {
			isa = XCBuildConfiguration;
			buildSettings = {
				CLANG_ENABLE_MODULES = YES;
				LD_RUNPATH_SEARCH_PATHS = "$(inherited) @executable_path/../Frameworks @loader_path/../Frameworks";
				PRODUCT_NAME = "$(TARGET_NAME)";
				SWIFT_OBJC_BRIDGING_HEADER = "";
				SWIFT_OPTIMIZATION_LEVEL = "-Onone";
			};
			name = Debug;
		};
		4F63C42D1B7CF06E000D74EE /* Release */ = {
			isa = XCBuildConfiguration;
			buildSettings = {
				CLANG_ENABLE_MODULES = YES;
				LD_RUNPATH_SEARCH_PATHS = "$(inherited) @executable_path/../Frameworks @loader_path/../Frameworks";
				PRODUCT_NAME = "$(TARGET_NAME)";
				SWIFT_OBJC_BRIDGING_HEADER = "";
			};
			name = Release;
		};
/* End XCBuildConfiguration section */

/* Begin XCConfigurationList section */
		4F0E39691BAA98A900FF2A96 /* Build configuration list for PBXNativeTarget "aeglue" */ = {
			isa = XCConfigurationList;
			buildConfigurations = (
				4F0E396A1BAA98A900FF2A96 /* Debug */,
				4F0E396B1BAA98A900FF2A96 /* Release */,
			);
			defaultConfigurationIsVisible = 0;
			defaultConfigurationName = Release;
		};
		4F0E39A61BAF7A7400FF2A96 /* Build configuration list for PBXNativeTarget "SwiftAETranslate" */ = {
			isa = XCConfigurationList;
			buildConfigurations = (
				4F0E39A71BAF7A7400FF2A96 /* Debug */,
				4F0E39A81BAF7A7400FF2A96 /* Release */,
			);
			defaultConfigurationIsVisible = 0;
			defaultConfigurationName = Release;
		};
		4F63C41F1B7CF06E000D74EE /* Build configuration list for PBXProject "SwiftAE" */ = {
			isa = XCConfigurationList;
			buildConfigurations = (
				4F63C4291B7CF06E000D74EE /* Debug */,
				4F63C42A1B7CF06E000D74EE /* Release */,
			);
			defaultConfigurationIsVisible = 0;
			defaultConfigurationName = Release;
		};
		4F63C42B1B7CF06E000D74EE /* Build configuration list for PBXNativeTarget "SwiftAE" */ = {
			isa = XCConfigurationList;
			buildConfigurations = (
				4F63C42C1B7CF06E000D74EE /* Debug */,
				4F63C42D1B7CF06E000D74EE /* Release */,
			);
			defaultConfigurationIsVisible = 0;
			defaultConfigurationName = Release;
		};
/* End XCConfigurationList section */
	};
	rootObject = 4F63C41C1B7CF06E000D74EE /* Project object */;
}
